
Microsoft Visual Studio Solution File, Format Version 12.00
# Visual Studio Version 16
VisualStudioVersion = 16.0.31424.327
MinimumVisualStudioVersion = 10.0.40219.1
Project("{FAE04EC0-301F-11D3-BF4B-00C04F79EFBC}") = "Solid_DP", "Solid_DP\Solid_DP.csproj", "{800F3D6E-E31D-4542-B75D-5CE82496514B}"
EndProject
Global
	GlobalSection(SolutionConfigurationPlatforms) = preSolution
		Debug|Any CPU = Debug|Any CPU
		Release|Any CPU = Release|Any CPU
	EndGlobalSection
	GlobalSection(ProjectConfigurationPlatforms) = postSolution
		{800F3D6E-E31D-4542-B75D-5CE82496514B}.Debug|Any CPU.ActiveCfg = Debug|Any CPU
		{800F3D6E-E31D-4542-B75D-5CE82496514B}.Debug|Any CPU.Build.0 = Debug|Any CPU
		{800F3D6E-E31D-4542-B75D-5CE82496514B}.Release|Any CPU.ActiveCfg = Release|Any CPU
		{800F3D6E-E31D-4542-B75D-5CE82496514B}.Release|Any CPU.Build.0 = Release|Any CPU
	EndGlobalSection
	GlobalSection(SolutionProperties) = preSolution
		HideSolutionNode = FALSE
	EndGlobalSection
	GlobalSection(ExtensibilityGlobals) = postSolution
		SolutionGuid = {3C21DC90-D6F5-4060-8925-FA816AD50C4F}
	EndGlobalSection
EndGlobal
